{
  "name": "honua-sample-create-honua-app-vanilla-ts",
  "lockfileVersion": 3,
  "requires": true,
  "packages": {
    "": {
      "name": "honua-sample-create-honua-app-vanilla-ts",
      "devDependencies": {
        "create-honua-app": "0.1.5"
      }
    },
    "node_modules/create-honua-app": {
      "version": "0.1.5",
      "resolved": "https://registry.npmjs.org/create-honua-app/-/create-honua-app-0.1.5.tgz",
      "integrity": "sha512-9XItUu6k1AnbjvP018MYBFbyK94Wv5B8SBgqV7q+kW8iSgHVOBszhSXSWmCSQmYc6Advod1408zigm5FvB0+yA==",
      "dev": true,
      "license": "Apache-2.0",
      "bin": {
        "create-honua-app": "bin/create-honua-app.mjs"
      },
      "engines": {
        "node": ">=20.19.0"
      }
    }
  }
}
